
Microsoft Visual Studio Solution File, Format Version 12.00
# Visual Studio 15
VisualStudioVersion = 15.0.26430.16
MinimumVisualStudioVersion = 10.0.40219.1
Project("{FAE04EC0-301F-11D3-BF4B-00C04F79EFBC}") = "MercadoMain", "MercadoMain\MercadoMain.csproj", "{7F9036F1-3476-489D-A731-AEC5DB32B9B2}"
EndProject
Project("{FAE04EC0-301F-11D3-BF4B-00C04F79EFBC}") = "MercadoAplicacao", "MercadoAplicacao\MercadoAplicacao.csproj", "{C6125B5E-699A-4443-9CB8-92B8CE7BD067}"
EndProject
Project("{FAE04EC0-301F-11D3-BF4B-00C04F79EFBC}") = "MercadoDominio", "MercadoDominio\MercadoDominio.csproj", "{943441D3-8897-424D-A1B5-79F90EA64018}"
EndProject
Project("{FAE04EC0-301F-11D3-BF4B-00C04F79EFBC}") = "MercadoRepositorioADO", "MercadoRepositorioADO\MercadoRepositorioADO.csproj", "{54B114F9-0ADF-4428-9670-3ED8A46F1160}"
EndProject
Global
	GlobalSection(SolutionConfigurationPlatforms) = preSolution
		Debug|Any CPU = Debug|Any CPU
		Release|Any CPU = Release|Any CPU
	EndGlobalSection
	GlobalSection(ProjectConfigurationPlatforms) = postSolution
		{7F9036F1-3476-489D-A731-AEC5DB32B9B2}.Debug|Any CPU.ActiveCfg = Debug|Any CPU
		{7F9036F1-3476-489D-A731-AEC5DB32B9B2}.Debug|Any CPU.Build.0 = Debug|Any CPU
		{7F9036F1-3476-489D-A731-AEC5DB32B9B2}.Release|Any CPU.ActiveCfg = Release|Any CPU
		{7F9036F1-3476-489D-A731-AEC5DB32B9B2}.Release|Any CPU.Build.0 = Release|Any CPU
		{C6125B5E-699A-4443-9CB8-92B8CE7BD067}.Debug|Any CPU.ActiveCfg = Debug|Any CPU
		{C6125B5E-699A-4443-9CB8-92B8CE7BD067}.Debug|Any CPU.Build.0 = Debug|Any CPU
		{C6125B5E-699A-4443-9CB8-92B8CE7BD067}.Release|Any CPU.ActiveCfg = Release|Any CPU
		{C6125B5E-699A-4443-9CB8-92B8CE7BD067}.Release|Any CPU.Build.0 = Release|Any CPU
		{943441D3-8897-424D-A1B5-79F90EA64018}.Debug|Any CPU.ActiveCfg = Debug|Any CPU
		{943441D3-8897-424D-A1B5-79F90EA64018}.Debug|Any CPU.Build.0 = Debug|Any CPU
		{943441D3-8897-424D-A1B5-79F90EA64018}.Release|Any CPU.ActiveCfg = Release|Any CPU
		{943441D3-8897-424D-A1B5-79F90EA64018}.Release|Any CPU.Build.0 = Release|Any CPU
		{54B114F9-0ADF-4428-9670-3ED8A46F1160}.Debug|Any CPU.ActiveCfg = Debug|Any CPU
		{54B114F9-0ADF-4428-9670-3ED8A46F1160}.Debug|Any CPU.Build.0 = Debug|Any CPU
		{54B114F9-0ADF-4428-9670-3ED8A46F1160}.Release|Any CPU.ActiveCfg = Release|Any CPU
		{54B114F9-0ADF-4428-9670-3ED8A46F1160}.Release|Any CPU.Build.0 = Release|Any CPU
	EndGlobalSection
	GlobalSection(SolutionProperties) = preSolution
		HideSolutionNode = FALSE
	EndGlobalSection
EndGlobal
